{
  "name": "svelte-app",
  "version": "1.0.0",
  "lockfileVersion": 1,
  "requires": true,
  "dependencies": {
    "single-spa": {
      "version": "4.4.1",
      "resolved": "https://registry.npmjs.org/single-spa/-/single-spa-4.4.1.tgz",
      "integrity": "sha512-em6ZGRbLUilaiPrR+XKHT4/qjX07ijbO75PLtN6/d3DykDVioqK8bE1W+KTOJpRf0vDoq3lV+oP9TVz/fvP/YA=="
    }
  }
}
